
Microsoft Visual Studio Solution File, Format Version 12.00
# Visual Studio Version 16
VisualStudioVersion = 16.0.29911.84
MinimumVisualStudioVersion = 10.0.40219.1
Project("{FAE04EC0-301F-11D3-BF4B-00C04F79EFBC}") = "MoveFileByTimestamp", "MoveFileByTimestamp\MoveFileByTimestamp.csproj", "{907B8CA9-CA4A-4877-9FDB-582FFD432128}"
EndProject
Global
	GlobalSection(SolutionConfigurationPlatforms) = preSolution
		Debug|Any CPU = Debug|Any CPU
		Release|Any CPU = Release|Any CPU
	EndGlobalSection
	GlobalSection(ProjectConfigurationPlatforms) = postSolution
		{907B8CA9-CA4A-4877-9FDB-582FFD432128}.Debug|Any CPU.ActiveCfg = Debug|Any CPU
		{907B8CA9-CA4A-4877-9FDB-582FFD432128}.Debug|Any CPU.Build.0 = Debug|Any CPU
		{907B8CA9-CA4A-4877-9FDB-582FFD432128}.Release|Any CPU.ActiveCfg = Release|Any CPU
		{907B8CA9-CA4A-4877-9FDB-582FFD432128}.Release|Any CPU.Build.0 = Release|Any CPU
	EndGlobalSection
	GlobalSection(SolutionProperties) = preSolution
		HideSolutionNode = FALSE
	EndGlobalSection
	GlobalSection(ExtensibilityGlobals) = postSolution
		SolutionGuid = {D4A3F0E7-5082-4655-BD5E-5CC388B17352}
	EndGlobalSection
EndGlobal
